PODS:
  - SnapKit (5.6.0)
  - SwiftGen (6.6.2)

DEPENDENCIES:
  - SnapKit (~> 5.6.0)
  - SwiftGen

SPEC REPOS:
  trunk:
    - SnapKit
    - SwiftGen

SPEC CHECKSUMS:
  SnapKit: e01d52ebb8ddbc333eefe2132acf85c8227d9c25
  SwiftGen: 1366a7f71aeef49954ca5a63ba4bef6b0f24138c

PODFILE CHECKSUM: 3899de57013ccc387ac455ebfd50f0775d063f14

COCOAPODS: 1.9.1
